
Microsoft Visual Studio Solution File, Format Version 12.00
# Visual Studio Version 17
VisualStudioVersion = 17.3.32804.467
MinimumVisualStudioVersion = 10.0.40219.1
Project("{2150E333-8FDC-42A3-9474-1A3956D46DE8}") = "Identidade", "Identidade", "{CEBAAD7A-4F7C-48A1-8F6A-992E9EC5641F}"
EndProject
Project("{2150E333-8FDC-42A3-9474-1A3956D46DE8}") = "Lancamentos", "Lancamentos", "{0EBA33CB-EB42-471B-8096-49D24D8C50D5}"
EndProject
Project("{2150E333-8FDC-42A3-9474-1A3956D46DE8}") = "Relatorios", "Relatorios", "{4823C3D0-C303-4301-9A08-9AC458FA46AB}"
EndProject
Project("{2150E333-8FDC-42A3-9474-1A3956D46DE8}") = "APIGateway", "APIGateway", "{275CCB7B-2294-4A49-88DE-A3AD6789F65E}"
EndProject
Project("{2150E333-8FDC-42A3-9474-1A3956D46DE8}") = "Core", "Core", "{03DDE7B3-9831-47CC-B024-56CB56437A5B}"
EndProject
Project("{2150E333-8FDC-42A3-9474-1A3956D46DE8}") = "Unit Tests", "Unit Tests", "{29E1C550-733C-49E6-AD46-9A17261C80B7}"
EndProject
Project("{9A19103F-16F7-4668-BE54-9A1E7A4F7556}") = "FluxoDeCaixa.Caixa.Domain.Tests", "Tests\FluxoDeCaixa.Caixa.Domain.Tests\FluxoDeCaixa.Caixa.Domain.Tests.csproj", "{E5ABE6E2-EACD-4E9F-BB45-C9A9BBC97CA8}"
EndProject
Project("{2150E333-8FDC-42A3-9474-1A3956D46DE8}") = "Integration Tests", "Integration Tests", "{1C764163-FB5B-44E3-A600-4B0FBE8DC6EB}"
EndProject
Project("{9A19103F-16F7-4668-BE54-9A1E7A4F7556}") = "FluxoDeCaixa.APIGateway", "src\FluxoDeCaixa.APIGateway\FluxoDeCaixa.APIGateway.csproj", "{D1735D77-8F8E-48EE-92E7-7BCBAA0FF540}"
EndProject
Project("{9A19103F-16F7-4668-BE54-9A1E7A4F7556}") = "FluxoDeCaixa.Lancamentos.API", "src\FluxoDeCaixa.Lancamentos.API\FluxoDeCaixa.Lancamentos.API.csproj", "{4CFDB5FE-890C-47B9-B31F-66B63CD9DA7F}"
EndProject
Project("{9A19103F-16F7-4668-BE54-9A1E7A4F7556}") = "FluxoDeCaixa.Lancamentos.Domain", "src\FluxoDeCaixa.Lancamentos.Domain\FluxoDeCaixa.Lancamentos.Domain.csproj", "{4F97F614-C0B3-4C77-9044-1B726C2F1CDD}"
EndProject
Project("{9A19103F-16F7-4668-BE54-9A1E7A4F7556}") = "FluxoDeCaixa.Lancamentos.Infra", "src\FluxoDeCaixa.Lancamentos.Infra\FluxoDeCaixa.Lancamentos.Infra.csproj", "{37790C1D-4C26-43AE-8835-E4EA345E8A36}"
EndProject
Project("{9A19103F-16F7-4668-BE54-9A1E7A4F7556}") = "Core", "src\FluxoDeCaixa.Core\Core.csproj", "{0870C769-D3EC-4F70-85CF-2B87263732F4}"
EndProject
Project("{9A19103F-16F7-4668-BE54-9A1E7A4F7556}") = "FluxoDeCaixa.Identidade.API", "src\FluxoDeCaixa.Identidade.API\FluxoDeCaixa.Identidade.API.csproj", "{D6E5799B-5621-48D9-AC9D-83A71AFE6F91}"
EndProject
Project("{9A19103F-16F7-4668-BE54-9A1E7A4F7556}") = "FluxoDeCaixa.Relatorios.API", "src\FluxoDeCaixa.Relatorios.API\FluxoDeCaixa.Relatorios.API.csproj", "{48BEAD3E-41A6-49D5-9437-A09709272D4E}"
EndProject
Global
	GlobalSection(SolutionConfigurationPlatforms) = preSolution
		Debug|Any CPU = Debug|Any CPU
		Release|Any CPU = Release|Any CPU
	EndGlobalSection
	GlobalSection(ProjectConfigurationPlatforms) = postSolution
		{E5ABE6E2-EACD-4E9F-BB45-C9A9BBC97CA8}.Debug|Any CPU.ActiveCfg = Debug|Any CPU
		{E5ABE6E2-EACD-4E9F-BB45-C9A9BBC97CA8}.Debug|Any CPU.Build.0 = Debug|Any CPU
		{E5ABE6E2-EACD-4E9F-BB45-C9A9BBC97CA8}.Release|Any CPU.ActiveCfg = Release|Any CPU
		{E5ABE6E2-EACD-4E9F-BB45-C9A9BBC97CA8}.Release|Any CPU.Build.0 = Release|Any CPU
		{D1735D77-8F8E-48EE-92E7-7BCBAA0FF540}.Debug|Any CPU.ActiveCfg = Debug|Any CPU
		{D1735D77-8F8E-48EE-92E7-7BCBAA0FF540}.Debug|Any CPU.Build.0 = Debug|Any CPU
		{D1735D77-8F8E-48EE-92E7-7BCBAA0FF540}.Release|Any CPU.ActiveCfg = Release|Any CPU
		{D1735D77-8F8E-48EE-92E7-7BCBAA0FF540}.Release|Any CPU.Build.0 = Release|Any CPU
		{4CFDB5FE-890C-47B9-B31F-66B63CD9DA7F}.Debug|Any CPU.ActiveCfg = Debug|Any CPU
		{4CFDB5FE-890C-47B9-B31F-66B63CD9DA7F}.Debug|Any CPU.Build.0 = Debug|Any CPU
		{4CFDB5FE-890C-47B9-B31F-66B63CD9DA7F}.Release|Any CPU.ActiveCfg = Release|Any CPU
		{4CFDB5FE-890C-47B9-B31F-66B63CD9DA7F}.Release|Any CPU.Build.0 = Release|Any CPU
		{4F97F614-C0B3-4C77-9044-1B726C2F1CDD}.Debug|Any CPU.ActiveCfg = Debug|Any CPU
		{4F97F614-C0B3-4C77-9044-1B726C2F1CDD}.Debug|Any CPU.Build.0 = Debug|Any CPU
		{4F97F614-C0B3-4C77-9044-1B726C2F1CDD}.Release|Any CPU.ActiveCfg = Release|Any CPU
		{4F97F614-C0B3-4C77-9044-1B726C2F1CDD}.Release|Any CPU.Build.0 = Release|Any CPU
		{37790C1D-4C26-43AE-8835-E4EA345E8A36}.Debug|Any CPU.ActiveCfg = Debug|Any CPU
		{37790C1D-4C26-43AE-8835-E4EA345E8A36}.Debug|Any CPU.Build.0 = Debug|Any CPU
		{37790C1D-4C26-43AE-8835-E4EA345E8A36}.Release|Any CPU.ActiveCfg = Release|Any CPU
		{37790C1D-4C26-43AE-8835-E4EA345E8A36}.Release|Any CPU.Build.0 = Release|Any CPU
		{0870C769-D3EC-4F70-85CF-2B87263732F4}.Debug|Any CPU.ActiveCfg = Debug|Any CPU
		{0870C769-D3EC-4F70-85CF-2B87263732F4}.Debug|Any CPU.Build.0 = Debug|Any CPU
		{0870C769-D3EC-4F70-85CF-2B87263732F4}.Release|Any CPU.ActiveCfg = Release|Any CPU
		{0870C769-D3EC-4F70-85CF-2B87263732F4}.Release|Any CPU.Build.0 = Release|Any CPU
		{D6E5799B-5621-48D9-AC9D-83A71AFE6F91}.Debug|Any CPU.ActiveCfg = Debug|Any CPU
		{D6E5799B-5621-48D9-AC9D-83A71AFE6F91}.Debug|Any CPU.Build.0 = Debug|Any CPU
		{D6E5799B-5621-48D9-AC9D-83A71AFE6F91}.Release|Any CPU.ActiveCfg = Release|Any CPU
		{D6E5799B-5621-48D9-AC9D-83A71AFE6F91}.Release|Any CPU.Build.0 = Release|Any CPU
		{48BEAD3E-41A6-49D5-9437-A09709272D4E}.Debug|Any CPU.ActiveCfg = Debug|Any CPU
		{48BEAD3E-41A6-49D5-9437-A09709272D4E}.Debug|Any CPU.Build.0 = Debug|Any CPU
		{48BEAD3E-41A6-49D5-9437-A09709272D4E}.Release|Any CPU.ActiveCfg = Release|Any CPU
		{48BEAD3E-41A6-49D5-9437-A09709272D4E}.Release|Any CPU.Build.0 = Release|Any CPU
	EndGlobalSection
	GlobalSection(SolutionProperties) = preSolution
		HideSolutionNode = FALSE
	EndGlobalSection
	GlobalSection(NestedProjects) = preSolution
		{29E1C550-733C-49E6-AD46-9A17261C80B7} = {0EBA33CB-EB42-471B-8096-49D24D8C50D5}
		{E5ABE6E2-EACD-4E9F-BB45-C9A9BBC97CA8} = {29E1C550-733C-49E6-AD46-9A17261C80B7}
		{1C764163-FB5B-44E3-A600-4B0FBE8DC6EB} = {0EBA33CB-EB42-471B-8096-49D24D8C50D5}
		{D1735D77-8F8E-48EE-92E7-7BCBAA0FF540} = {275CCB7B-2294-4A49-88DE-A3AD6789F65E}
		{4CFDB5FE-890C-47B9-B31F-66B63CD9DA7F} = {0EBA33CB-EB42-471B-8096-49D24D8C50D5}
		{4F97F614-C0B3-4C77-9044-1B726C2F1CDD} = {0EBA33CB-EB42-471B-8096-49D24D8C50D5}
		{37790C1D-4C26-43AE-8835-E4EA345E8A36} = {0EBA33CB-EB42-471B-8096-49D24D8C50D5}
		{0870C769-D3EC-4F70-85CF-2B87263732F4} = {03DDE7B3-9831-47CC-B024-56CB56437A5B}
		{D6E5799B-5621-48D9-AC9D-83A71AFE6F91} = {CEBAAD7A-4F7C-48A1-8F6A-992E9EC5641F}
		{48BEAD3E-41A6-49D5-9437-A09709272D4E} = {4823C3D0-C303-4301-9A08-9AC458FA46AB}
	EndGlobalSection
	GlobalSection(ExtensibilityGlobals) = postSolution
		SolutionGuid = {0B9BD415-49AA-4B65-8A00-A2A9EF80C3C8}
	EndGlobalSection
EndGlobal
