
Microsoft Visual Studio Solution File, Format Version 12.00
# Visual Studio Version 17
VisualStudioVersion = 17.3.32804.467
MinimumVisualStudioVersion = 10.0.40219.1
Project("{2150E333-8FDC-42A3-9474-1A3956D46DE8}") = "Identidade", "Identidade", "{CEBAAD7A-4F7C-48A1-8F6A-992E9EC5641F}"
EndProject
Project("{2150E333-8FDC-42A3-9474-1A3956D46DE8}") = "Caixa", "Caixa", "{0EBA33CB-EB42-471B-8096-49D24D8C50D5}"
EndProject
Project("{2150E333-8FDC-42A3-9474-1A3956D46DE8}") = "Relatorios", "Relatorios", "{4823C3D0-C303-4301-9A08-9AC458FA46AB}"
EndProject
Project("{9A19103F-16F7-4668-BE54-9A1E7A4F7556}") = "API.Identidade", "API.Identidade\API.Identidade.csproj", "{D3A3A445-2A53-4145-8386-429FBCC8F9A1}"
EndProject
Project("{2150E333-8FDC-42A3-9474-1A3956D46DE8}") = "APIGateway", "APIGateway", "{275CCB7B-2294-4A49-88DE-A3AD6789F65E}"
EndProject
Project("{2150E333-8FDC-42A3-9474-1A3956D46DE8}") = "Core", "Core", "{03DDE7B3-9831-47CC-B024-56CB56437A5B}"
EndProject
Project("{9A19103F-16F7-4668-BE54-9A1E7A4F7556}") = "Core", "API.Core\Core.csproj", "{1EA44E31-2F13-42EC-A890-5E48E984D3AF}"
EndProject
Project("{9A19103F-16F7-4668-BE54-9A1E7A4F7556}") = "API.Caixa", "API.Caixa\API.Caixa.csproj", "{F318FB16-E2CD-4791-A725-E4277B2E2FA7}"
EndProject
Project("{9A19103F-16F7-4668-BE54-9A1E7A4F7556}") = "API.Caixa.Domain", "API.Caixa.Domain\API.Caixa.Domain.csproj", "{7FCEA75C-9492-4FE1-8E09-36861E94257C}"
EndProject
Project("{9A19103F-16F7-4668-BE54-9A1E7A4F7556}") = "API.Caixa.Infra", "API.Caixa.Infra\API.Caixa.Infra.csproj", "{164BD0BA-DD1D-4489-8FB6-41A0B27DE8C7}"
EndProject
Project("{2150E333-8FDC-42A3-9474-1A3956D46DE8}") = "Unit Tests", "Unit Tests", "{29E1C550-733C-49E6-AD46-9A17261C80B7}"
EndProject
Project("{9A19103F-16F7-4668-BE54-9A1E7A4F7556}") = "FluxoDeCaixa.Caixa.Domain.Tests", "Tests\FluxoDeCaixa.Caixa.Domain.Tests\FluxoDeCaixa.Caixa.Domain.Tests.csproj", "{E5ABE6E2-EACD-4E9F-BB45-C9A9BBC97CA8}"
EndProject
Project("{9A19103F-16F7-4668-BE54-9A1E7A4F7556}") = "FluxoDeCaixa.Relatorios.API", "FluxoDeCaixa.Relatorios.API\FluxoDeCaixa.Relatorios.API.csproj", "{82941A11-3F20-4E60-B307-4D464BA5F867}"
EndProject
Project("{FAE04EC0-301F-11D3-BF4B-00C04F79EFBC}") = "FluxoDeCaixa.APIGateway", "FluxoDeCaixa.APIGateway\FluxoDeCaixa.APIGateway.csproj", "{59C3CFFF-58A1-4DB4-A373-42DB1BDDC0D4}"
EndProject
Global
	GlobalSection(SolutionConfigurationPlatforms) = preSolution
		Debug|Any CPU = Debug|Any CPU
		Release|Any CPU = Release|Any CPU
	EndGlobalSection
	GlobalSection(ProjectConfigurationPlatforms) = postSolution
		{D3A3A445-2A53-4145-8386-429FBCC8F9A1}.Debug|Any CPU.ActiveCfg = Debug|Any CPU
		{D3A3A445-2A53-4145-8386-429FBCC8F9A1}.Debug|Any CPU.Build.0 = Debug|Any CPU
		{D3A3A445-2A53-4145-8386-429FBCC8F9A1}.Release|Any CPU.ActiveCfg = Release|Any CPU
		{D3A3A445-2A53-4145-8386-429FBCC8F9A1}.Release|Any CPU.Build.0 = Release|Any CPU
		{1EA44E31-2F13-42EC-A890-5E48E984D3AF}.Debug|Any CPU.ActiveCfg = Debug|Any CPU
		{1EA44E31-2F13-42EC-A890-5E48E984D3AF}.Debug|Any CPU.Build.0 = Debug|Any CPU
		{1EA44E31-2F13-42EC-A890-5E48E984D3AF}.Release|Any CPU.ActiveCfg = Release|Any CPU
		{1EA44E31-2F13-42EC-A890-5E48E984D3AF}.Release|Any CPU.Build.0 = Release|Any CPU
		{F318FB16-E2CD-4791-A725-E4277B2E2FA7}.Debug|Any CPU.ActiveCfg = Debug|Any CPU
		{F318FB16-E2CD-4791-A725-E4277B2E2FA7}.Debug|Any CPU.Build.0 = Debug|Any CPU
		{F318FB16-E2CD-4791-A725-E4277B2E2FA7}.Release|Any CPU.ActiveCfg = Release|Any CPU
		{F318FB16-E2CD-4791-A725-E4277B2E2FA7}.Release|Any CPU.Build.0 = Release|Any CPU
		{7FCEA75C-9492-4FE1-8E09-36861E94257C}.Debug|Any CPU.ActiveCfg = Debug|Any CPU
		{7FCEA75C-9492-4FE1-8E09-36861E94257C}.Debug|Any CPU.Build.0 = Debug|Any CPU
		{7FCEA75C-9492-4FE1-8E09-36861E94257C}.Release|Any CPU.ActiveCfg = Release|Any CPU
		{7FCEA75C-9492-4FE1-8E09-36861E94257C}.Release|Any CPU.Build.0 = Release|Any CPU
		{164BD0BA-DD1D-4489-8FB6-41A0B27DE8C7}.Debug|Any CPU.ActiveCfg = Debug|Any CPU
		{164BD0BA-DD1D-4489-8FB6-41A0B27DE8C7}.Debug|Any CPU.Build.0 = Debug|Any CPU
		{164BD0BA-DD1D-4489-8FB6-41A0B27DE8C7}.Release|Any CPU.ActiveCfg = Release|Any CPU
		{164BD0BA-DD1D-4489-8FB6-41A0B27DE8C7}.Release|Any CPU.Build.0 = Release|Any CPU
		{E5ABE6E2-EACD-4E9F-BB45-C9A9BBC97CA8}.Debug|Any CPU.ActiveCfg = Debug|Any CPU
		{E5ABE6E2-EACD-4E9F-BB45-C9A9BBC97CA8}.Debug|Any CPU.Build.0 = Debug|Any CPU
		{E5ABE6E2-EACD-4E9F-BB45-C9A9BBC97CA8}.Release|Any CPU.ActiveCfg = Release|Any CPU
		{E5ABE6E2-EACD-4E9F-BB45-C9A9BBC97CA8}.Release|Any CPU.Build.0 = Release|Any CPU
		{82941A11-3F20-4E60-B307-4D464BA5F867}.Debug|Any CPU.ActiveCfg = Debug|Any CPU
		{82941A11-3F20-4E60-B307-4D464BA5F867}.Debug|Any CPU.Build.0 = Debug|Any CPU
		{82941A11-3F20-4E60-B307-4D464BA5F867}.Release|Any CPU.ActiveCfg = Release|Any CPU
		{82941A11-3F20-4E60-B307-4D464BA5F867}.Release|Any CPU.Build.0 = Release|Any CPU
		{59C3CFFF-58A1-4DB4-A373-42DB1BDDC0D4}.Debug|Any CPU.ActiveCfg = Debug|Any CPU
		{59C3CFFF-58A1-4DB4-A373-42DB1BDDC0D4}.Debug|Any CPU.Build.0 = Debug|Any CPU
		{59C3CFFF-58A1-4DB4-A373-42DB1BDDC0D4}.Release|Any CPU.ActiveCfg = Release|Any CPU
		{59C3CFFF-58A1-4DB4-A373-42DB1BDDC0D4}.Release|Any CPU.Build.0 = Release|Any CPU
	EndGlobalSection
	GlobalSection(SolutionProperties) = preSolution
		HideSolutionNode = FALSE
	EndGlobalSection
	GlobalSection(NestedProjects) = preSolution
		{D3A3A445-2A53-4145-8386-429FBCC8F9A1} = {CEBAAD7A-4F7C-48A1-8F6A-992E9EC5641F}
		{1EA44E31-2F13-42EC-A890-5E48E984D3AF} = {03DDE7B3-9831-47CC-B024-56CB56437A5B}
		{F318FB16-E2CD-4791-A725-E4277B2E2FA7} = {0EBA33CB-EB42-471B-8096-49D24D8C50D5}
		{7FCEA75C-9492-4FE1-8E09-36861E94257C} = {0EBA33CB-EB42-471B-8096-49D24D8C50D5}
		{164BD0BA-DD1D-4489-8FB6-41A0B27DE8C7} = {0EBA33CB-EB42-471B-8096-49D24D8C50D5}
		{29E1C550-733C-49E6-AD46-9A17261C80B7} = {0EBA33CB-EB42-471B-8096-49D24D8C50D5}
		{E5ABE6E2-EACD-4E9F-BB45-C9A9BBC97CA8} = {29E1C550-733C-49E6-AD46-9A17261C80B7}
		{82941A11-3F20-4E60-B307-4D464BA5F867} = {4823C3D0-C303-4301-9A08-9AC458FA46AB}
		{59C3CFFF-58A1-4DB4-A373-42DB1BDDC0D4} = {275CCB7B-2294-4A49-88DE-A3AD6789F65E}
	EndGlobalSection
	GlobalSection(ExtensibilityGlobals) = postSolution
		SolutionGuid = {0B9BD415-49AA-4B65-8A00-A2A9EF80C3C8}
	EndGlobalSection
EndGlobal
